
Microsoft Visual Studio Solution File, Format Version 12.00
# Visual Studio Version 16
VisualStudioVersion = 16.0.31613.86
MinimumVisualStudioVersion = 10.0.40219.1
Project("{FAE04EC0-301F-11D3-BF4B-00C04F79EFBC}") = "CargoServices_Kunal", "CargoServices_Kunal\CargoServices_Kunal.csproj", "{1172B2D8-289B-4C90-BF69-DB4377040CF2}"
EndProject
Global
	GlobalSection(SolutionConfigurationPlatforms) = preSolution
		Debug|Any CPU = Debug|Any CPU
		Release|Any CPU = Release|Any CPU
	EndGlobalSection
	GlobalSection(ProjectConfigurationPlatforms) = postSolution
		{1172B2D8-289B-4C90-BF69-DB4377040CF2}.Debug|Any CPU.ActiveCfg = Debug|Any CPU
		{1172B2D8-289B-4C90-BF69-DB4377040CF2}.Debug|Any CPU.Build.0 = Debug|Any CPU
		{1172B2D8-289B-4C90-BF69-DB4377040CF2}.Release|Any CPU.ActiveCfg = Release|Any CPU
		{1172B2D8-289B-4C90-BF69-DB4377040CF2}.Release|Any CPU.Build.0 = Release|Any CPU
	EndGlobalSection
	GlobalSection(SolutionProperties) = preSolution
		HideSolutionNode = FALSE
	EndGlobalSection
	GlobalSection(ExtensibilityGlobals) = postSolution
		SolutionGuid = {3CA2171B-7017-4222-A7F4-2305CC74C893}
	EndGlobalSection
EndGlobal
